
Microsoft Visual Studio Solution File, Format Version 12.00
# Visual Studio Version 16
VisualStudioVersion = 16.0.32126.315
MinimumVisualStudioVersion = 10.0.40219.1
Project("{8BC9CEB8-8B4A-11D0-8D11-00A0C91BC942}") = "RAII_23_3_2", "RAII_23_3_2.vcxproj", "{FC29FD16-FBBB-49B4-93B1-3FA5440465A1}"
EndProject
Global
	GlobalSection(SolutionConfigurationPlatforms) = preSolution
		Debug|x64 = Debug|x64
		Debug|x86 = Debug|x86
		Release|x64 = Release|x64
		Release|x86 = Release|x86
	EndGlobalSection
	GlobalSection(ProjectConfigurationPlatforms) = postSolution
		{FC29FD16-FBBB-49B4-93B1-3FA5440465A1}.Debug|x64.ActiveCfg = Debug|x64
		{FC29FD16-FBBB-49B4-93B1-3FA5440465A1}.Debug|x64.Build.0 = Debug|x64
		{FC29FD16-FBBB-49B4-93B1-3FA5440465A1}.Debug|x86.ActiveCfg = Debug|Win32
		{FC29FD16-FBBB-49B4-93B1-3FA5440465A1}.Debug|x86.Build.0 = Debug|Win32
		{FC29FD16-FBBB-49B4-93B1-3FA5440465A1}.Release|x64.ActiveCfg = Release|x64
		{FC29FD16-FBBB-49B4-93B1-3FA5440465A1}.Release|x64.Build.0 = Release|x64
		{FC29FD16-FBBB-49B4-93B1-3FA5440465A1}.Release|x86.ActiveCfg = Release|Win32
		{FC29FD16-FBBB-49B4-93B1-3FA5440465A1}.Release|x86.Build.0 = Release|Win32
	EndGlobalSection
	GlobalSection(SolutionProperties) = preSolution
		HideSolutionNode = FALSE
	EndGlobalSection
	GlobalSection(ExtensibilityGlobals) = postSolution
		SolutionGuid = {7395025F-57EB-4425-8A1A-7B0F60959B5E}
	EndGlobalSection
EndGlobal
